github.com/paulyeo21/go-playground v0.0.0-20201201001205-d7f429b13655 h1:u1ZEXoDMPuqFbNn018uuQgxkvHIKq+hyC/phBCPWqq4=
github.com/paulyeo21/go-playground/ai/tic-tac-toe v0.0.0-20201201001205-d7f429b13655 h1:J7g1J2MpYlXAs/wCDKdKGsTfhgCr9qjkFhutNyPCdnk=
github.com/paulyeo21/go-playground/ai/tic-tac-toe v0.0.0-20201201001205-d7f429b13655/go.mod h1:xO1zQqRLsyg8+rLzkBaY6uc2N8bv9O35jsmMEvcz2F0=
